{
    "_meta": {
        "hash": {
            "sha256": "edae75f6348218f9970cb852d67ab249488a7712d24be273de5c3977f851acb6"
        },
        "pipfile-spec": 6,
        "requires": {
            "python_version": "3.7"
        },
        "sources": [
            {
                "name": "pypi",
                "url": "https://pypi.org/simple",
                "verify_ssl": true
            }
        ]
    },
    "default": {
        "future": {
            "hashes": [
                "sha256:b1bead90b70cf6ec3f0710ae53a525360fa360d306a86583adc6bf83a4db537d"
            ],
            "version": "==0.18.2"
        },
        "numpy": {
            "hashes": [
                "sha256:13af0184177469192d80db9bd02619f6fa8b922f9f327e077d6f2a6acb1ce1c0",
                "sha256:26a45798ca2a4e168d00de75d4a524abf5907949231512f372b217ede3429e98",
                "sha256:26f509450db547e4dfa3ec739419b31edad646d21fb8d0ed0734188b35ff6b27",
                "sha256:30a59fb41bb6b8c465ab50d60a1b298d1cd7b85274e71f38af5a75d6c475d2d2",
                "sha256:33c623ef9ca5e19e05991f127c1be5aeb1ab5cdf30cb1c5cf3960752e58b599b",
                "sha256:356f96c9fbec59974a592452ab6a036cd6f180822a60b529a975c9467fcd5f23",
                "sha256:3c40c827d36c6d1c3cf413694d7dc843d50997ebffbc7c87d888a203ed6403a7",
                "sha256:4d054f013a1983551254e2379385e359884e5af105e3efe00418977d02f634a7",
                "sha256:63d971bb211ad3ca37b2adecdd5365f40f3b741a455beecba70fd0dde8b2a4cb",
                "sha256:658624a11f6e1c252b2cd170d94bf28c8f9410acab9f2fd4369e11e1cd4e1aaf",
                "sha256:76766cc80d6128750075378d3bb7812cf146415bd29b588616f72c943c00d598",
                "sha256:7b57f26e5e6ee2f14f960db46bd58ffdca25ca06dd997729b1b179fddd35f5a3",
                "sha256:7b852817800eb02e109ae4a9cef2beda8dd50d98b76b6cfb7b5c0099d27b52d4",
                "sha256:8cde829f14bd38f6da7b2954be0f2837043e8b8d7a9110ec5e318ae6bf706610",
                "sha256:a2e3a39f43f0ce95204beb8fe0831199542ccab1e0c6e486a0b4947256215632",
                "sha256:a86c962e211f37edd61d6e11bb4df7eddc4a519a38a856e20a6498c319efa6b0",
                "sha256:a8705c5073fe3fcc297fb8e0b31aa794e05af6a329e81b7ca4ffecab7f2b95ef",
                "sha256:b6aaeadf1e4866ca0fdf7bb4eed25e521ae21a7947c59f78154b24fc7abbe1dd",
                "sha256:be62aeff8f2f054eff7725f502f6228298891fd648dc2630e03e44bf63e8cee0",
                "sha256:c2edbb783c841e36ca0fa159f0ae97a88ce8137fb3a6cd82eae77349ba4b607b",
                "sha256:cbe326f6d364375a8e5a8ccb7e9cd73f4b2f6dc3b2ed205633a0db8243e2a96a",
                "sha256:d34fbb98ad0d6b563b95de852a284074514331e6b9da0a9fc894fb1cdae7a79e",
                "sha256:d97a86937cf9970453c3b62abb55a6475f173347b4cde7f8dcdb48c8e1b9952d",
                "sha256:dd53d7c4a69e766e4900f29db5872f5824a06827d594427cf1a4aa542818b796",
                "sha256:df1889701e2dfd8ba4dc9b1a010f0a60950077fb5242bb92c8b5c7f1a6f2668a",
                "sha256:fa1fe75b4a9e18b66ae7f0b122543c42debcf800aaafa0212aaff3ad273c2596"
            ],
            "index": "pypi",
            "version": "==1.19.0"
        },
        "torch": {
            "hashes": [
                "sha256:0a83f41140222c7cc947aa29ed253f3e6fa490606d3d4acd02bfd9f338e3c707",
                "sha256:5d909a55cd979fec2c9a7aa35012024b9cc106acbc496faf5de798b148406450",
                "sha256:70046cf66eb40ead89df25b8dcc571c3007fc9849d4e1d254cc09b4b355374d4",
                "sha256:a358cee1d35b86757bf915e320ba776d39c20e60db50779060842efc86f02edd",
                "sha256:b84fd18fd8216b74a19828433c3beeb1f0d1d29f45dead3be9ed784ae6855966",
                "sha256:bb2a3e6c9c9dbfda856bd1b1a55d88789a9488b569ffba9cd6d9aa536ef866ba",
                "sha256:c42658f2982591dc4d0459645c9ab26e0ce18aa7ab0993c27c8bcb1c98931d11",
                "sha256:ff1dbeaa017bae66036e8e7a698a5475ac5a0d7b0a690f0a04ac3b1133b1feb3"
            ],
            "index": "pypi",
            "version": "==1.5.1"
        }
    },
    "develop": {}
}
